
Microsoft Visual Studio Solution File, Format Version 12.00
Project("{FAE04EC0-301F-11D3-BF4B-00C04F79EFBC}") = "DBMicroservice", "DBMicroservice.csproj", "{35F444B1-1638-4536-A3AB-4B1276B0EBAF}"
EndProject
Global
	GlobalSection(SolutionConfigurationPlatforms) = preSolution
		Debug|Any CPU = Debug|Any CPU
		Release|Any CPU = Release|Any CPU
	EndGlobalSection
	GlobalSection(ProjectConfigurationPlatforms) = postSolution
		{35F444B1-1638-4536-A3AB-4B1276B0EBAF}.Debug|Any CPU.ActiveCfg = Debug|Any CPU
		{35F444B1-1638-4536-A3AB-4B1276B0EBAF}.Debug|Any CPU.Build.0 = Debug|Any CPU
		{35F444B1-1638-4536-A3AB-4B1276B0EBAF}.Release|Any CPU.ActiveCfg = Release|Any CPU
		{35F444B1-1638-4536-A3AB-4B1276B0EBAF}.Release|Any CPU.Build.0 = Release|Any CPU
	EndGlobalSection
EndGlobal
