
Microsoft Visual Studio Solution File, Format Version 12.00
Project("{FAE04EC0-301F-11D3-BF4B-00C04F79EFBC}") = "WebApi", "WebApi\WebApi.csproj", "{72AC303C-0DCA-436E-94F4-462E0C5F18A8}"
EndProject
Global
	GlobalSection(SolutionConfigurationPlatforms) = preSolution
		Debug|Any CPU = Debug|Any CPU
		Release|Any CPU = Release|Any CPU
	EndGlobalSection
	GlobalSection(ProjectConfigurationPlatforms) = postSolution
		{72AC303C-0DCA-436E-94F4-462E0C5F18A8}.Debug|Any CPU.ActiveCfg = Debug|Any CPU
		{72AC303C-0DCA-436E-94F4-462E0C5F18A8}.Debug|Any CPU.Build.0 = Debug|Any CPU
		{72AC303C-0DCA-436E-94F4-462E0C5F18A8}.Release|Any CPU.ActiveCfg = Release|Any CPU
		{72AC303C-0DCA-436E-94F4-462E0C5F18A8}.Release|Any CPU.Build.0 = Release|Any CPU
	EndGlobalSection
EndGlobal
